#MicroXplorer Configuration settings - do not modify
Mcu.Family=STM32F1
VP_RTC_VS_RTC_Activate.Signal=RTC_VS_RTC_Activate
RCC.PLLSourceVirtual=RCC_PLLSOURCE_HSE
TIM4.Channel-PWM\ Generation1\ CH1=TIM_CHANNEL_1
ProjectManager.MainLocation=Src
PC15-OSC32_OUT.Mode=LSE-External-Oscillator
SH.S_TIM4_CH1.ConfNb=1
RCC.MCOFreq_Value=36000000
ProjectManager.ProjectFileName=stm32f103_freertos.ioc
FREERTOS.Tasks01=main,24,256,StartDefaultTask,Default,NULL,Static,mainBuffer,mainControlBlock
PD1-OSC_OUT.Mode=HSE-External-Oscillator
TIM4.CounterMode=TIM_COUNTERMODE_UP
ProjectManager.KeepUserCode=true
Mcu.UserName=STM32F103C8Tx
Mcu.PinsNb=14
ProjectManager.NoMain=true
NVIC.SavedSvcallIrqHandlerGenerated=true
RCC.PLLCLKFreq_Value=72000000
PC13-TAMPER-RTC.GPIOParameters=GPIO_ModeDefaultOutputPP
ProjectManager.functionlistsort=1-MX_GPIO_Init-GPIO-false-HAL-true,2-SystemClock_Config-RCC-false-HAL-false,3-MX_RTC_Init-RTC-false-HAL-true,4-MX_TIM4_Init-TIM4-false-HAL-true
PC13-TAMPER-RTC.Signal=GPIO_Output
VP_RTC_VS_RTC_Activate.Mode=RTC_Enabled
RCC.RTCFreq_Value=32768
RCC.ADCFreqValue=12000000
ProjectManager.DefaultFWLocation=true
NVIC.TIM1_UP_IRQn=true\:0\:0\:false\:false\:true\:false\:false\:true
VP_RTC_VS_RTC_Calendar.Signal=RTC_VS_RTC_Calendar
PD0-OSC_IN.Signal=RCC_OSC_IN
ProjectManager.DeletePrevious=true
RCC.APB1CLKDivider=RCC_HCLK_DIV2
PC14-OSC32_IN.Signal=RCC_OSC32_IN
PinOutPanel.RotationAngle=0
RCC.FamilyName=M
RCC.SYSCLKSource=RCC_SYSCLKSOURCE_PLLCLK
ProjectManager.StackSize=0x400
VP_FREERTOS_VS_CMSIS_V2.Mode=CMSIS_V2
PD1-OSC_OUT.Signal=RCC_OSC_OUT
RCC.ADCPresc=RCC_ADCPCLK2_DIV6
PA13.Signal=SYS_JTMS-SWDIO
Mcu.IP4=SYS
RCC.FCLKCortexFreq_Value=72000000
Mcu.IP5=TIM4
NVIC.SVCall_IRQn=true\:0\:0\:false\:false\:false\:false\:false\:false
Mcu.IP2=RCC
VP_RTC_No_RTC_Output.Mode=RTC_OUT_NO
Mcu.IP3=RTC
Mcu.IP0=FREERTOS
Mcu.IP1=NVIC
Mcu.UserConstants=
ProjectManager.TargetToolchain=Makefile
TIM4.IPParameters=Channel-PWM Generation1 CH1,CounterMode
FREERTOS.configTIMER_TASK_STACK_DEPTH=128
Mcu.ThirdPartyNb=0
FREERTOS.configUSE_STATS_FORMATTING_FUNCTIONS=1
RCC.HCLKFreq_Value=72000000
Mcu.IPNb=6
ProjectManager.PreviousToolchain=STM32CubeIDE
RCC.APB2TimFreq_Value=72000000
PB6.Signal=S_TIM4_CH1
VP_RTC_No_RTC_Output.Signal=RTC_No_RTC_Output
RTC.IPParameters=Format
Mcu.Pin6=PA13
RTC.Format=RTC_FORMAT_BIN
Mcu.Pin7=PA14
ProjectManager.RegisterCallBack=
PC13-TAMPER-RTC.Locked=true
Mcu.Pin8=PB6
RCC.USBFreq_Value=72000000
Mcu.Pin9=VP_FREERTOS_VS_CMSIS_V2
FREERTOS.IPParameters=Tasks01,FootprintOK,configUSE_STATS_FORMATTING_FUNCTIONS,configGENERATE_RUN_TIME_STATS,configTOTAL_HEAP_SIZE,configTIMER_TASK_STACK_DEPTH,configUSE_PREEMPTION
PC15-OSC32_OUT.Signal=RCC_OSC32_OUT
RCC.AHBFreq_Value=72000000
Mcu.Pin0=PC13-TAMPER-RTC
Mcu.Pin1=PC14-OSC32_IN
GPIO.groupedBy=Group By Peripherals
Mcu.Pin2=PC15-OSC32_OUT
PD0-OSC_IN.Mode=HSE-External-Oscillator
FREERTOS.configUSE_PREEMPTION=1
Mcu.Pin3=PD0-OSC_IN
Mcu.Pin4=PD1-OSC_OUT
Mcu.Pin5=PB0
ProjectManager.ProjectBuild=false
NVIC.UsageFault_IRQn=true\:0\:0\:false\:false\:true\:false\:false\:false
NVIC.DebugMonitor_IRQn=true\:0\:0\:false\:false\:true\:false\:false\:false
board=custom
NVIC.SysTick_IRQn=true\:15\:0\:false\:false\:false\:true\:false\:true
RCC.RTCClockSelection=RCC_RTCCLKSOURCE_LSE
ProjectManager.LastFirmware=true
RCC.PLLMUL=RCC_PLL_MUL9
RCC.VCOOutput2Freq_Value=8000000
ProjectManager.FirmwarePackage=STM32Cube FW_F1 V1.8.3
MxDb.Version=DB.6.0.10
NVIC.SavedSystickIrqHandlerGenerated=true
RCC.APB2Freq_Value=72000000
ProjectManager.BackupPrevious=false
MxCube.Version=6.1.1
PC14-OSC32_IN.Mode=LSE-External-Oscillator
VP_SYS_VS_tim1.Signal=SYS_VS_tim1
PA14.Mode=Serial_Wire
VP_SYS_VS_tim1.Mode=TIM1
File.Version=6
SH.ADCx_IN8.0=ADC1_IN8
RCC.RCC_MCOSource=RCC_MCO1SOURCE_PLLCLK
NVIC.NonMaskableInt_IRQn=true\:0\:0\:false\:false\:true\:false\:false\:false
NVIC.PendSV_IRQn=true\:15\:0\:false\:false\:false\:true\:false\:false
SH.ADCx_IN8.ConfNb=1
PA13.Mode=Serial_Wire
ProjectManager.FreePins=false
RCC.IPParameters=ADCFreqValue,ADCPresc,AHBFreq_Value,APB1CLKDivider,APB1Freq_Value,APB1TimFreq_Value,APB2Freq_Value,APB2TimFreq_Value,FCLKCortexFreq_Value,FamilyName,HCLKFreq_Value,MCOFreq_Value,PLLCLKFreq_Value,PLLMCOFreq_Value,PLLMUL,PLLSourceVirtual,RCC_MCOSource,RTCClockSelection,RTCFreq_Value,SYSCLKFreq_VALUE,SYSCLKSource,TimSysFreq_Value,USBFreq_Value,VCOOutput2Freq_Value
ProjectManager.AskForMigrate=true
Mcu.Name=STM32F103C(8-B)Tx
ProjectManager.HalAssertFull=false
PB0.Locked=true
FREERTOS.configTOTAL_HEAP_SIZE=1024
NVIC.SavedPendsvIrqHandlerGenerated=true
ProjectManager.ProjectName=stm32f103_freertos
ProjectManager.UnderRoot=false
VP_FREERTOS_VS_CMSIS_V2.Signal=FREERTOS_VS_CMSIS_V2
RCC.PLLMCOFreq_Value=36000000
ProjectManager.CoupleFile=true
RCC.SYSCLKFreq_VALUE=72000000
Mcu.Package=LQFP48
PC13-TAMPER-RTC.GPIO_ModeDefaultOutputPP=GPIO_MODE_OUTPUT_OD
RCC.TimSysFreq_Value=72000000
NVIC.TimeBase=TIM1_UP_IRQn
NVIC.ForceEnableDMAVector=true
KeepUserPlacement=false
NVIC.MemoryManagement_IRQn=true\:0\:0\:false\:false\:true\:false\:false\:false
ProjectManager.CompilerOptimize=6
ProjectManager.ToolChainLocation=
NVIC.TimeBaseIP=TIM1
PA14.Signal=SYS_JTCK-SWCLK
VP_RTC_VS_RTC_Calendar.Mode=RTC_Calendar
FREERTOS.FootprintOK=true
ProjectManager.HeapSize=0x200
NVIC.HardFault_IRQn=true\:0\:0\:false\:false\:true\:false\:false\:false
Mcu.Pin13=VP_SYS_VS_tim1
ProjectManager.ComputerToolchain=false
NVIC.PriorityGroup=NVIC_PRIORITYGROUP_4
Mcu.Pin11=VP_RTC_VS_RTC_Calendar
Mcu.Pin12=VP_RTC_No_RTC_Output
Mcu.Pin10=VP_RTC_VS_RTC_Activate
SH.S_TIM4_CH1.0=TIM4_CH1,PWM Generation1 CH1
RCC.APB1TimFreq_Value=72000000
FREERTOS.configGENERATE_RUN_TIME_STATS=1
NVIC.BusFault_IRQn=true\:0\:0\:false\:false\:true\:false\:false\:false
RCC.APB1Freq_Value=36000000
PB0.Signal=ADCx_IN8
ProjectManager.CustomerFirmwarePackage=
ProjectManager.DeviceId=STM32F103C8Tx
ProjectManager.LibraryCopy=2
